
Microsoft Visual Studio Solution File, Format Version 12.00
# Visual Studio Version 16
VisualStudioVersion = 16.0.32802.440
MinimumVisualStudioVersion = 10.0.40219.1
Project("{FAE04EC0-301F-11D3-BF4B-00C04F79EFBC}") = "MVC17", "MVC17\MVC17.csproj", "{BCAEBDD0-3B23-4414-9562-644C2E643BB2}"
EndProject
Global
	GlobalSection(SolutionConfigurationPlatforms) = preSolution
		Debug|Any CPU = Debug|Any CPU
		Release|Any CPU = Release|Any CPU
	EndGlobalSection
	GlobalSection(ProjectConfigurationPlatforms) = postSolution
		{BCAEBDD0-3B23-4414-9562-644C2E643BB2}.Debug|Any CPU.ActiveCfg = Debug|Any CPU
		{BCAEBDD0-3B23-4414-9562-644C2E643BB2}.Debug|Any CPU.Build.0 = Debug|Any CPU
		{BCAEBDD0-3B23-4414-9562-644C2E643BB2}.Release|Any CPU.ActiveCfg = Release|Any CPU
		{BCAEBDD0-3B23-4414-9562-644C2E643BB2}.Release|Any CPU.Build.0 = Release|Any CPU
	EndGlobalSection
	GlobalSection(SolutionProperties) = preSolution
		HideSolutionNode = FALSE
	EndGlobalSection
	GlobalSection(ExtensibilityGlobals) = postSolution
		SolutionGuid = {FFB060FB-497F-4265-825D-2F35C4DB8442}
	EndGlobalSection
EndGlobal
