
Microsoft Visual Studio Solution File, Format Version 12.00
# Visual Studio Version 16
VisualStudioVersion = 16.0.32802.440
MinimumVisualStudioVersion = 10.0.40219.1
Project("{FAE04EC0-301F-11D3-BF4B-00C04F79EFBC}") = "Demo_HelloWorld", "Demo_HelloWorld\Demo_HelloWorld.csproj", "{43036C46-3E39-450B-9439-16EF6164CAFD}"
EndProject
Global
	GlobalSection(SolutionConfigurationPlatforms) = preSolution
		Debug|Any CPU = Debug|Any CPU
		Release|Any CPU = Release|Any CPU
	EndGlobalSection
	GlobalSection(ProjectConfigurationPlatforms) = postSolution
		{43036C46-3E39-450B-9439-16EF6164CAFD}.Debug|Any CPU.ActiveCfg = Debug|Any CPU
		{43036C46-3E39-450B-9439-16EF6164CAFD}.Debug|Any CPU.Build.0 = Debug|Any CPU
		{43036C46-3E39-450B-9439-16EF6164CAFD}.Release|Any CPU.ActiveCfg = Release|Any CPU
		{43036C46-3E39-450B-9439-16EF6164CAFD}.Release|Any CPU.Build.0 = Release|Any CPU
	EndGlobalSection
	GlobalSection(SolutionProperties) = preSolution
		HideSolutionNode = FALSE
	EndGlobalSection
	GlobalSection(ExtensibilityGlobals) = postSolution
		SolutionGuid = {89A6A306-B424-4C0E-815D-A47D390024B8}
	EndGlobalSection
EndGlobal
