
Microsoft Visual Studio Solution File, Format Version 12.00
# Visual Studio Version 16
VisualStudioVersion = 16.0.32802.440
MinimumVisualStudioVersion = 10.0.40219.1
Project("{FAE04EC0-301F-11D3-BF4B-00C04F79EFBC}") = "User_Defined_Exception", "User_Defined_Exception\User_Defined_Exception.csproj", "{B1DD85F5-4805-472F-8241-D1C93251BCF3}"
EndProject
Global
	GlobalSection(SolutionConfigurationPlatforms) = preSolution
		Debug|Any CPU = Debug|Any CPU
		Release|Any CPU = Release|Any CPU
	EndGlobalSection
	GlobalSection(ProjectConfigurationPlatforms) = postSolution
		{B1DD85F5-4805-472F-8241-D1C93251BCF3}.Debug|Any CPU.ActiveCfg = Debug|Any CPU
		{B1DD85F5-4805-472F-8241-D1C93251BCF3}.Debug|Any CPU.Build.0 = Debug|Any CPU
		{B1DD85F5-4805-472F-8241-D1C93251BCF3}.Release|Any CPU.ActiveCfg = Release|Any CPU
		{B1DD85F5-4805-472F-8241-D1C93251BCF3}.Release|Any CPU.Build.0 = Release|Any CPU
	EndGlobalSection
	GlobalSection(SolutionProperties) = preSolution
		HideSolutionNode = FALSE
	EndGlobalSection
	GlobalSection(ExtensibilityGlobals) = postSolution
		SolutionGuid = {73DD4E68-7D93-4D95-B98D-41F09554D127}
	EndGlobalSection
EndGlobal
