
Microsoft Visual Studio Solution File, Format Version 12.00
# Visual Studio Version 16
VisualStudioVersion = 16.0.32802.440
MinimumVisualStudioVersion = 10.0.40219.1
Project("{FAE04EC0-301F-11D3-BF4B-00C04F79EFBC}") = "IComparer_IComparable", "IComparer_IComparable\IComparer_IComparable.csproj", "{2DB8373E-89F3-4B1A-9CDE-0E55F40153A9}"
EndProject
Global
	GlobalSection(SolutionConfigurationPlatforms) = preSolution
		Debug|Any CPU = Debug|Any CPU
		Release|Any CPU = Release|Any CPU
	EndGlobalSection
	GlobalSection(ProjectConfigurationPlatforms) = postSolution
		{2DB8373E-89F3-4B1A-9CDE-0E55F40153A9}.Debug|Any CPU.ActiveCfg = Debug|Any CPU
		{2DB8373E-89F3-4B1A-9CDE-0E55F40153A9}.Debug|Any CPU.Build.0 = Debug|Any CPU
		{2DB8373E-89F3-4B1A-9CDE-0E55F40153A9}.Release|Any CPU.ActiveCfg = Release|Any CPU
		{2DB8373E-89F3-4B1A-9CDE-0E55F40153A9}.Release|Any CPU.Build.0 = Release|Any CPU
	EndGlobalSection
	GlobalSection(SolutionProperties) = preSolution
		HideSolutionNode = FALSE
	EndGlobalSection
	GlobalSection(ExtensibilityGlobals) = postSolution
		SolutionGuid = {2B6A3D3E-FAC9-41F6-BB98-1877BECF8AF6}
	EndGlobalSection
EndGlobal
