
Microsoft Visual Studio Solution File, Format Version 12.00
# Visual Studio Version 16
VisualStudioVersion = 16.0.32802.440
MinimumVisualStudioVersion = 10.0.40219.1
Project("{FAE04EC0-301F-11D3-BF4B-00C04F79EFBC}") = "Assignment _3", "Assignment _3\Assignment _3.csproj", "{529237F6-20C3-4B78-AD06-403DB2974EDA}"
EndProject
Global
	GlobalSection(SolutionConfigurationPlatforms) = preSolution
		Debug|Any CPU = Debug|Any CPU
		Release|Any CPU = Release|Any CPU
	EndGlobalSection
	GlobalSection(ProjectConfigurationPlatforms) = postSolution
		{529237F6-20C3-4B78-AD06-403DB2974EDA}.Debug|Any CPU.ActiveCfg = Debug|Any CPU
		{529237F6-20C3-4B78-AD06-403DB2974EDA}.Debug|Any CPU.Build.0 = Debug|Any CPU
		{529237F6-20C3-4B78-AD06-403DB2974EDA}.Release|Any CPU.ActiveCfg = Release|Any CPU
		{529237F6-20C3-4B78-AD06-403DB2974EDA}.Release|Any CPU.Build.0 = Release|Any CPU
	EndGlobalSection
	GlobalSection(SolutionProperties) = preSolution
		HideSolutionNode = FALSE
	EndGlobalSection
	GlobalSection(ExtensibilityGlobals) = postSolution
		SolutionGuid = {0690BE7C-7C26-4723-8407-158A3127E2C6}
	EndGlobalSection
EndGlobal
