
Microsoft Visual Studio Solution File, Format Version 12.00
# Visual Studio Version 16
VisualStudioVersion = 16.0.32802.440
MinimumVisualStudioVersion = 10.0.40219.1
Project("{FAE04EC0-301F-11D3-BF4B-00C04F79EFBC}") = "Object_Pooling", "Object_Pooling\Object_Pooling.csproj", "{7CABB53B-642E-4A52-8EDD-403BD322839A}"
EndProject
Global
	GlobalSection(SolutionConfigurationPlatforms) = preSolution
		Debug|Any CPU = Debug|Any CPU
		Release|Any CPU = Release|Any CPU
	EndGlobalSection
	GlobalSection(ProjectConfigurationPlatforms) = postSolution
		{7CABB53B-642E-4A52-8EDD-403BD322839A}.Debug|Any CPU.ActiveCfg = Debug|Any CPU
		{7CABB53B-642E-4A52-8EDD-403BD322839A}.Debug|Any CPU.Build.0 = Debug|Any CPU
		{7CABB53B-642E-4A52-8EDD-403BD322839A}.Release|Any CPU.ActiveCfg = Release|Any CPU
		{7CABB53B-642E-4A52-8EDD-403BD322839A}.Release|Any CPU.Build.0 = Release|Any CPU
	EndGlobalSection
	GlobalSection(SolutionProperties) = preSolution
		HideSolutionNode = FALSE
	EndGlobalSection
	GlobalSection(ExtensibilityGlobals) = postSolution
		SolutionGuid = {F2DCA11E-0894-437C-9B81-CAE9F01D1092}
	EndGlobalSection
EndGlobal
