
Microsoft Visual Studio Solution File, Format Version 12.00
# Visual Studio Version 16
VisualStudioVersion = 16.0.32802.440
MinimumVisualStudioVersion = 10.0.40219.1
Project("{FAE04EC0-301F-11D3-BF4B-00C04F79EFBC}") = "Demo_Entity_Framework_CodeFirst1", "Demo_Entity_Framework_CodeFirst1\Demo_Entity_Framework_CodeFirst1.csproj", "{72626993-860C-465E-B563-F19E525EAA9A}"
EndProject
Global
	GlobalSection(SolutionConfigurationPlatforms) = preSolution
		Debug|Any CPU = Debug|Any CPU
		Release|Any CPU = Release|Any CPU
	EndGlobalSection
	GlobalSection(ProjectConfigurationPlatforms) = postSolution
		{72626993-860C-465E-B563-F19E525EAA9A}.Debug|Any CPU.ActiveCfg = Debug|Any CPU
		{72626993-860C-465E-B563-F19E525EAA9A}.Debug|Any CPU.Build.0 = Debug|Any CPU
		{72626993-860C-465E-B563-F19E525EAA9A}.Release|Any CPU.ActiveCfg = Release|Any CPU
		{72626993-860C-465E-B563-F19E525EAA9A}.Release|Any CPU.Build.0 = Release|Any CPU
	EndGlobalSection
	GlobalSection(SolutionProperties) = preSolution
		HideSolutionNode = FALSE
	EndGlobalSection
	GlobalSection(ExtensibilityGlobals) = postSolution
		SolutionGuid = {A41F40C9-45BB-4471-A613-7939263F3E80}
	EndGlobalSection
EndGlobal
