
Microsoft Visual Studio Solution File, Format Version 12.00
# Visual Studio Version 16
VisualStudioVersion = 16.0.32802.440
MinimumVisualStudioVersion = 10.0.40219.1
Project("{FAE04EC0-301F-11D3-BF4B-00C04F79EFBC}") = "DEMO_CRUD_WEB_API_3.1Framework", "DEMO_CRUD_WEB_API_3.1Framework\DEMO_CRUD_WEB_API_3.1Framework.csproj", "{F98335C0-4F99-4B33-AE9D-EEDDDC0E1E30}"
EndProject
Global
	GlobalSection(SolutionConfigurationPlatforms) = preSolution
		Debug|Any CPU = Debug|Any CPU
		Release|Any CPU = Release|Any CPU
	EndGlobalSection
	GlobalSection(ProjectConfigurationPlatforms) = postSolution
		{F98335C0-4F99-4B33-AE9D-EEDDDC0E1E30}.Debug|Any CPU.ActiveCfg = Debug|Any CPU
		{F98335C0-4F99-4B33-AE9D-EEDDDC0E1E30}.Debug|Any CPU.Build.0 = Debug|Any CPU
		{F98335C0-4F99-4B33-AE9D-EEDDDC0E1E30}.Release|Any CPU.ActiveCfg = Release|Any CPU
		{F98335C0-4F99-4B33-AE9D-EEDDDC0E1E30}.Release|Any CPU.Build.0 = Release|Any CPU
	EndGlobalSection
	GlobalSection(SolutionProperties) = preSolution
		HideSolutionNode = FALSE
	EndGlobalSection
	GlobalSection(ExtensibilityGlobals) = postSolution
		SolutionGuid = {BE87C639-94B2-47F8-AE3D-9D26C19C544A}
	EndGlobalSection
EndGlobal
