
Microsoft Visual Studio Solution File, Format Version 12.00
# Visual Studio Version 16
VisualStudioVersion = 16.0.32802.440
MinimumVisualStudioVersion = 10.0.40219.1
Project("{FAE04EC0-301F-11D3-BF4B-00C04F79EFBC}") = "LINQ_TO_XML", "LINQ_TO_XML\LINQ_TO_XML.csproj", "{366A1069-EEE0-4D79-9DF4-AD422F51FEF9}"
EndProject
Global
	GlobalSection(SolutionConfigurationPlatforms) = preSolution
		Debug|Any CPU = Debug|Any CPU
		Release|Any CPU = Release|Any CPU
	EndGlobalSection
	GlobalSection(ProjectConfigurationPlatforms) = postSolution
		{366A1069-EEE0-4D79-9DF4-AD422F51FEF9}.Debug|Any CPU.ActiveCfg = Debug|Any CPU
		{366A1069-EEE0-4D79-9DF4-AD422F51FEF9}.Debug|Any CPU.Build.0 = Debug|Any CPU
		{366A1069-EEE0-4D79-9DF4-AD422F51FEF9}.Release|Any CPU.ActiveCfg = Release|Any CPU
		{366A1069-EEE0-4D79-9DF4-AD422F51FEF9}.Release|Any CPU.Build.0 = Release|Any CPU
	EndGlobalSection
	GlobalSection(SolutionProperties) = preSolution
		HideSolutionNode = FALSE
	EndGlobalSection
	GlobalSection(ExtensibilityGlobals) = postSolution
		SolutionGuid = {A447AA7F-BD7D-48C9-A540-313E2B88B078}
	EndGlobalSection
EndGlobal
