
Microsoft Visual Studio Solution File, Format Version 12.00
# Visual Studio Version 16
VisualStudioVersion = 16.0.32802.440
MinimumVisualStudioVersion = 10.0.40219.1
Project("{FAE04EC0-301F-11D3-BF4B-00C04F79EFBC}") = "Demo_15", "Demo_15\Demo_15.csproj", "{1D4DC7E2-C942-4D47-ACAC-8F6A0E23B246}"
EndProject
Global
	GlobalSection(SolutionConfigurationPlatforms) = preSolution
		Debug|Any CPU = Debug|Any CPU
		Release|Any CPU = Release|Any CPU
	EndGlobalSection
	GlobalSection(ProjectConfigurationPlatforms) = postSolution
		{1D4DC7E2-C942-4D47-ACAC-8F6A0E23B246}.Debug|Any CPU.ActiveCfg = Debug|Any CPU
		{1D4DC7E2-C942-4D47-ACAC-8F6A0E23B246}.Debug|Any CPU.Build.0 = Debug|Any CPU
		{1D4DC7E2-C942-4D47-ACAC-8F6A0E23B246}.Release|Any CPU.ActiveCfg = Release|Any CPU
		{1D4DC7E2-C942-4D47-ACAC-8F6A0E23B246}.Release|Any CPU.Build.0 = Release|Any CPU
	EndGlobalSection
	GlobalSection(SolutionProperties) = preSolution
		HideSolutionNode = FALSE
	EndGlobalSection
	GlobalSection(ExtensibilityGlobals) = postSolution
		SolutionGuid = {233697F7-A8EC-4697-9804-6BF852140119}
	EndGlobalSection
EndGlobal
