
Microsoft Visual Studio Solution File, Format Version 12.00
# Visual Studio Version 16
VisualStudioVersion = 16.0.32802.440
MinimumVisualStudioVersion = 10.0.40219.1
Project("{FAE04EC0-301F-11D3-BF4B-00C04F79EFBC}") = "StopWatch", "StopWatch\StopWatch.csproj", "{48196177-49BF-4DA6-9D15-0080DA1EE0AF}"
EndProject
Global
	GlobalSection(SolutionConfigurationPlatforms) = preSolution
		Debug|Any CPU = Debug|Any CPU
		Release|Any CPU = Release|Any CPU
	EndGlobalSection
	GlobalSection(ProjectConfigurationPlatforms) = postSolution
		{48196177-49BF-4DA6-9D15-0080DA1EE0AF}.Debug|Any CPU.ActiveCfg = Debug|Any CPU
		{48196177-49BF-4DA6-9D15-0080DA1EE0AF}.Debug|Any CPU.Build.0 = Debug|Any CPU
		{48196177-49BF-4DA6-9D15-0080DA1EE0AF}.Release|Any CPU.ActiveCfg = Release|Any CPU
		{48196177-49BF-4DA6-9D15-0080DA1EE0AF}.Release|Any CPU.Build.0 = Release|Any CPU
	EndGlobalSection
	GlobalSection(SolutionProperties) = preSolution
		HideSolutionNode = FALSE
	EndGlobalSection
	GlobalSection(ExtensibilityGlobals) = postSolution
		SolutionGuid = {8E7AA6B0-9934-4FC1-955F-1F9CA2DB93B7}
	EndGlobalSection
EndGlobal
