
Microsoft Visual Studio Solution File, Format Version 12.00
# Visual Studio Version 16
VisualStudioVersion = 16.0.32802.440
MinimumVisualStudioVersion = 10.0.40219.1
Project("{FAE04EC0-301F-11D3-BF4B-00C04F79EFBC}") = "ASSIGNMENT_B", "ASSIGNMENT_B\ASSIGNMENT_B.csproj", "{A83BB736-A389-4FA9-9795-DC3F3EEF1E66}"
EndProject
Global
	GlobalSection(SolutionConfigurationPlatforms) = preSolution
		Debug|Any CPU = Debug|Any CPU
		Release|Any CPU = Release|Any CPU
	EndGlobalSection
	GlobalSection(ProjectConfigurationPlatforms) = postSolution
		{A83BB736-A389-4FA9-9795-DC3F3EEF1E66}.Debug|Any CPU.ActiveCfg = Debug|Any CPU
		{A83BB736-A389-4FA9-9795-DC3F3EEF1E66}.Debug|Any CPU.Build.0 = Debug|Any CPU
		{A83BB736-A389-4FA9-9795-DC3F3EEF1E66}.Release|Any CPU.ActiveCfg = Release|Any CPU
		{A83BB736-A389-4FA9-9795-DC3F3EEF1E66}.Release|Any CPU.Build.0 = Release|Any CPU
	EndGlobalSection
	GlobalSection(SolutionProperties) = preSolution
		HideSolutionNode = FALSE
	EndGlobalSection
	GlobalSection(ExtensibilityGlobals) = postSolution
		SolutionGuid = {ACED2E6E-26DD-44C6-AE2A-06299FE8A980}
	EndGlobalSection
EndGlobal
