
Microsoft Visual Studio Solution File, Format Version 12.00
# Visual Studio Version 16
VisualStudioVersion = 16.0.32802.440
MinimumVisualStudioVersion = 10.0.40219.1
Project("{FAE04EC0-301F-11D3-BF4B-00C04F79EFBC}") = "Delegate_Types3", "Delegate_Types3\Delegate_Types3.csproj", "{BF0B911B-00F1-4F4A-9F79-790C5A5B7C4B}"
EndProject
Global
	GlobalSection(SolutionConfigurationPlatforms) = preSolution
		Debug|Any CPU = Debug|Any CPU
		Release|Any CPU = Release|Any CPU
	EndGlobalSection
	GlobalSection(ProjectConfigurationPlatforms) = postSolution
		{BF0B911B-00F1-4F4A-9F79-790C5A5B7C4B}.Debug|Any CPU.ActiveCfg = Debug|Any CPU
		{BF0B911B-00F1-4F4A-9F79-790C5A5B7C4B}.Debug|Any CPU.Build.0 = Debug|Any CPU
		{BF0B911B-00F1-4F4A-9F79-790C5A5B7C4B}.Release|Any CPU.ActiveCfg = Release|Any CPU
		{BF0B911B-00F1-4F4A-9F79-790C5A5B7C4B}.Release|Any CPU.Build.0 = Release|Any CPU
	EndGlobalSection
	GlobalSection(SolutionProperties) = preSolution
		HideSolutionNode = FALSE
	EndGlobalSection
	GlobalSection(ExtensibilityGlobals) = postSolution
		SolutionGuid = {76B1B26D-E12E-467C-9B9A-3E77EDC6E0C1}
	EndGlobalSection
EndGlobal
