
Microsoft Visual Studio Solution File, Format Version 12.00
# Visual Studio Version 16
VisualStudioVersion = 16.0.32802.440
MinimumVisualStudioVersion = 10.0.40219.1
Project("{FAE04EC0-301F-11D3-BF4B-00C04F79EFBC}") = "Demo_ASP2", "Demo_ASP2\Demo_ASP2.csproj", "{9438E338-EB5F-4C2A-A0F1-9DF2711DE3D1}"
EndProject
Global
	GlobalSection(SolutionConfigurationPlatforms) = preSolution
		Debug|Any CPU = Debug|Any CPU
		Release|Any CPU = Release|Any CPU
	EndGlobalSection
	GlobalSection(ProjectConfigurationPlatforms) = postSolution
		{9438E338-EB5F-4C2A-A0F1-9DF2711DE3D1}.Debug|Any CPU.ActiveCfg = Debug|Any CPU
		{9438E338-EB5F-4C2A-A0F1-9DF2711DE3D1}.Debug|Any CPU.Build.0 = Debug|Any CPU
		{9438E338-EB5F-4C2A-A0F1-9DF2711DE3D1}.Release|Any CPU.ActiveCfg = Release|Any CPU
		{9438E338-EB5F-4C2A-A0F1-9DF2711DE3D1}.Release|Any CPU.Build.0 = Release|Any CPU
	EndGlobalSection
	GlobalSection(SolutionProperties) = preSolution
		HideSolutionNode = FALSE
	EndGlobalSection
	GlobalSection(ExtensibilityGlobals) = postSolution
		SolutionGuid = {02FEEB3F-E954-40D3-9BA6-E1CAD0249D40}
	EndGlobalSection
EndGlobal
