
Microsoft Visual Studio Solution File, Format Version 12.00
# Visual Studio Version 16
VisualStudioVersion = 16.0.32802.440
MinimumVisualStudioVersion = 10.0.40219.1
Project("{FAE04EC0-301F-11D3-BF4B-00C04F79EFBC}") = "Delegate_types1", "Delegate_types1\Delegate_types1.csproj", "{110E4E59-6BA9-4F33-84C6-5086C6BCC46B}"
EndProject
Global
	GlobalSection(SolutionConfigurationPlatforms) = preSolution
		Debug|Any CPU = Debug|Any CPU
		Release|Any CPU = Release|Any CPU
	EndGlobalSection
	GlobalSection(ProjectConfigurationPlatforms) = postSolution
		{110E4E59-6BA9-4F33-84C6-5086C6BCC46B}.Debug|Any CPU.ActiveCfg = Debug|Any CPU
		{110E4E59-6BA9-4F33-84C6-5086C6BCC46B}.Debug|Any CPU.Build.0 = Debug|Any CPU
		{110E4E59-6BA9-4F33-84C6-5086C6BCC46B}.Release|Any CPU.ActiveCfg = Release|Any CPU
		{110E4E59-6BA9-4F33-84C6-5086C6BCC46B}.Release|Any CPU.Build.0 = Release|Any CPU
	EndGlobalSection
	GlobalSection(SolutionProperties) = preSolution
		HideSolutionNode = FALSE
	EndGlobalSection
	GlobalSection(ExtensibilityGlobals) = postSolution
		SolutionGuid = {3AD10DC5-18C3-4D62-96F6-C93056F555C7}
	EndGlobalSection
EndGlobal
