
Microsoft Visual Studio Solution File, Format Version 12.00
# Visual Studio Version 16
VisualStudioVersion = 16.0.32802.440
MinimumVisualStudioVersion = 10.0.40219.1
Project("{FAE04EC0-301F-11D3-BF4B-00C04F79EFBC}") = "Demo_ADO_Net_Data_Grid", "Demo_ADO_Net_Data_Grid\Demo_ADO_Net_Data_Grid.csproj", "{F61F2253-E878-4D6C-AED2-DE15716E52CF}"
EndProject
Global
	GlobalSection(SolutionConfigurationPlatforms) = preSolution
		Debug|Any CPU = Debug|Any CPU
		Release|Any CPU = Release|Any CPU
	EndGlobalSection
	GlobalSection(ProjectConfigurationPlatforms) = postSolution
		{F61F2253-E878-4D6C-AED2-DE15716E52CF}.Debug|Any CPU.ActiveCfg = Debug|Any CPU
		{F61F2253-E878-4D6C-AED2-DE15716E52CF}.Debug|Any CPU.Build.0 = Debug|Any CPU
		{F61F2253-E878-4D6C-AED2-DE15716E52CF}.Release|Any CPU.ActiveCfg = Release|Any CPU
		{F61F2253-E878-4D6C-AED2-DE15716E52CF}.Release|Any CPU.Build.0 = Release|Any CPU
	EndGlobalSection
	GlobalSection(SolutionProperties) = preSolution
		HideSolutionNode = FALSE
	EndGlobalSection
	GlobalSection(ExtensibilityGlobals) = postSolution
		SolutionGuid = {67188324-DC81-48C8-ABA4-F1A1A778E52A}
	EndGlobalSection
EndGlobal
