
Microsoft Visual Studio Solution File, Format Version 12.00
# Visual Studio Version 16
VisualStudioVersion = 16.0.32802.440
MinimumVisualStudioVersion = 10.0.40219.1
Project("{FAE04EC0-301F-11D3-BF4B-00C04F79EFBC}") = "Datatype", "Datatype\Datatype.csproj", "{C2E66CD2-54DB-480C-B41C-C0F765CB20B8}"
EndProject
Global
	GlobalSection(SolutionConfigurationPlatforms) = preSolution
		Debug|Any CPU = Debug|Any CPU
		Release|Any CPU = Release|Any CPU
	EndGlobalSection
	GlobalSection(ProjectConfigurationPlatforms) = postSolution
		{C2E66CD2-54DB-480C-B41C-C0F765CB20B8}.Debug|Any CPU.ActiveCfg = Debug|Any CPU
		{C2E66CD2-54DB-480C-B41C-C0F765CB20B8}.Debug|Any CPU.Build.0 = Debug|Any CPU
		{C2E66CD2-54DB-480C-B41C-C0F765CB20B8}.Release|Any CPU.ActiveCfg = Release|Any CPU
		{C2E66CD2-54DB-480C-B41C-C0F765CB20B8}.Release|Any CPU.Build.0 = Release|Any CPU
	EndGlobalSection
	GlobalSection(SolutionProperties) = preSolution
		HideSolutionNode = FALSE
	EndGlobalSection
	GlobalSection(ExtensibilityGlobals) = postSolution
		SolutionGuid = {859C85DD-D26E-4F01-8CFA-21487D765C37}
	EndGlobalSection
EndGlobal
