
Microsoft Visual Studio Solution File, Format Version 12.00
# Visual Studio Version 16
VisualStudioVersion = 16.0.32802.440
MinimumVisualStudioVersion = 10.0.40219.1
Project("{FAE04EC0-301F-11D3-BF4B-00C04F79EFBC}") = "IEnumerable_IEnumerator", "IEnumerable_IEnumerator\IEnumerable_IEnumerator.csproj", "{57745C63-696F-4C54-89D4-D971113DC6D1}"
EndProject
Global
	GlobalSection(SolutionConfigurationPlatforms) = preSolution
		Debug|Any CPU = Debug|Any CPU
		Release|Any CPU = Release|Any CPU
	EndGlobalSection
	GlobalSection(ProjectConfigurationPlatforms) = postSolution
		{57745C63-696F-4C54-89D4-D971113DC6D1}.Debug|Any CPU.ActiveCfg = Debug|Any CPU
		{57745C63-696F-4C54-89D4-D971113DC6D1}.Debug|Any CPU.Build.0 = Debug|Any CPU
		{57745C63-696F-4C54-89D4-D971113DC6D1}.Release|Any CPU.ActiveCfg = Release|Any CPU
		{57745C63-696F-4C54-89D4-D971113DC6D1}.Release|Any CPU.Build.0 = Release|Any CPU
	EndGlobalSection
	GlobalSection(SolutionProperties) = preSolution
		HideSolutionNode = FALSE
	EndGlobalSection
	GlobalSection(ExtensibilityGlobals) = postSolution
		SolutionGuid = {54AEF6D8-FC88-4F2C-BB06-3FE640BD15BC}
	EndGlobalSection
EndGlobal
