
Microsoft Visual Studio Solution File, Format Version 12.00
# Visual Studio Version 16
VisualStudioVersion = 16.0.32802.440
MinimumVisualStudioVersion = 10.0.40219.1
Project("{FAE04EC0-301F-11D3-BF4B-00C04F79EFBC}") = "Demo_Web_Api1", "Demo_Web_Api1\Demo_Web_Api1.csproj", "{2CA83025-C6A5-4B6C-8D9A-AA1B57286EC6}"
EndProject
Project("{FAE04EC0-301F-11D3-BF4B-00C04F79EFBC}") = "Demo_FrontEnd", "Demo_FrontEnd\Demo_FrontEnd.csproj", "{E24F2041-4E21-4437-8D00-714CAB1BB0F9}"
EndProject
Global
	GlobalSection(SolutionConfigurationPlatforms) = preSolution
		Debug|Any CPU = Debug|Any CPU
		Release|Any CPU = Release|Any CPU
	EndGlobalSection
	GlobalSection(ProjectConfigurationPlatforms) = postSolution
		{2CA83025-C6A5-4B6C-8D9A-AA1B57286EC6}.Debug|Any CPU.ActiveCfg = Debug|Any CPU
		{2CA83025-C6A5-4B6C-8D9A-AA1B57286EC6}.Debug|Any CPU.Build.0 = Debug|Any CPU
		{2CA83025-C6A5-4B6C-8D9A-AA1B57286EC6}.Release|Any CPU.ActiveCfg = Release|Any CPU
		{2CA83025-C6A5-4B6C-8D9A-AA1B57286EC6}.Release|Any CPU.Build.0 = Release|Any CPU
		{E24F2041-4E21-4437-8D00-714CAB1BB0F9}.Debug|Any CPU.ActiveCfg = Debug|Any CPU
		{E24F2041-4E21-4437-8D00-714CAB1BB0F9}.Debug|Any CPU.Build.0 = Debug|Any CPU
		{E24F2041-4E21-4437-8D00-714CAB1BB0F9}.Release|Any CPU.ActiveCfg = Release|Any CPU
		{E24F2041-4E21-4437-8D00-714CAB1BB0F9}.Release|Any CPU.Build.0 = Release|Any CPU
	EndGlobalSection
	GlobalSection(SolutionProperties) = preSolution
		HideSolutionNode = FALSE
	EndGlobalSection
	GlobalSection(ExtensibilityGlobals) = postSolution
		SolutionGuid = {36BBC9AF-DC89-487F-AFA4-4EEBFB56C670}
	EndGlobalSection
EndGlobal
