
Microsoft Visual Studio Solution File, Format Version 12.00
# Visual Studio Version 16
VisualStudioVersion = 16.0.32802.440
MinimumVisualStudioVersion = 10.0.40219.1
Project("{FAE04EC0-301F-11D3-BF4B-00C04F79EFBC}") = "Dict", "Dict\Dict.csproj", "{F16F8ECC-2F28-45A5-85E5-25D88690396E}"
EndProject
Global
	GlobalSection(SolutionConfigurationPlatforms) = preSolution
		Debug|Any CPU = Debug|Any CPU
		Release|Any CPU = Release|Any CPU
	EndGlobalSection
	GlobalSection(ProjectConfigurationPlatforms) = postSolution
		{F16F8ECC-2F28-45A5-85E5-25D88690396E}.Debug|Any CPU.ActiveCfg = Debug|Any CPU
		{F16F8ECC-2F28-45A5-85E5-25D88690396E}.Debug|Any CPU.Build.0 = Debug|Any CPU
		{F16F8ECC-2F28-45A5-85E5-25D88690396E}.Release|Any CPU.ActiveCfg = Release|Any CPU
		{F16F8ECC-2F28-45A5-85E5-25D88690396E}.Release|Any CPU.Build.0 = Release|Any CPU
	EndGlobalSection
	GlobalSection(SolutionProperties) = preSolution
		HideSolutionNode = FALSE
	EndGlobalSection
	GlobalSection(ExtensibilityGlobals) = postSolution
		SolutionGuid = {53E4FD0F-61DC-4320-AF79-0F6E9F9111B2}
	EndGlobalSection
EndGlobal
