
Microsoft Visual Studio Solution File, Format Version 12.00
# Visual Studio Version 16
VisualStudioVersion = 16.0.32802.440
MinimumVisualStudioVersion = 10.0.40219.1
Project("{FAE04EC0-301F-11D3-BF4B-00C04F79EFBC}") = "WinFormsApp2", "WinFormsApp2\WinFormsApp2.csproj", "{5861DF3B-214A-4381-A7AE-A7A671E704EA}"
EndProject
Global
	GlobalSection(SolutionConfigurationPlatforms) = preSolution
		Debug|Any CPU = Debug|Any CPU
		Release|Any CPU = Release|Any CPU
	EndGlobalSection
	GlobalSection(ProjectConfigurationPlatforms) = postSolution
		{5861DF3B-214A-4381-A7AE-A7A671E704EA}.Debug|Any CPU.ActiveCfg = Debug|Any CPU
		{5861DF3B-214A-4381-A7AE-A7A671E704EA}.Debug|Any CPU.Build.0 = Debug|Any CPU
		{5861DF3B-214A-4381-A7AE-A7A671E704EA}.Release|Any CPU.ActiveCfg = Release|Any CPU
		{5861DF3B-214A-4381-A7AE-A7A671E704EA}.Release|Any CPU.Build.0 = Release|Any CPU
	EndGlobalSection
	GlobalSection(SolutionProperties) = preSolution
		HideSolutionNode = FALSE
	EndGlobalSection
	GlobalSection(ExtensibilityGlobals) = postSolution
		SolutionGuid = {10CAB953-E580-4E5D-BF93-D52E3DB342D3}
	EndGlobalSection
EndGlobal
