
Microsoft Visual Studio Solution File, Format Version 12.00
# Visual Studio Version 16
VisualStudioVersion = 16.0.32802.440
MinimumVisualStudioVersion = 10.0.40219.1
Project("{FAE04EC0-301F-11D3-BF4B-00C04F79EFBC}") = "Demo_CRUD_Operations1", "Demo_CRUD_Operations1\Demo_CRUD_Operations1.csproj", "{4DBE7E8D-5316-4459-A902-77C35B0B8941}"
EndProject
Global
	GlobalSection(SolutionConfigurationPlatforms) = preSolution
		Debug|Any CPU = Debug|Any CPU
		Release|Any CPU = Release|Any CPU
	EndGlobalSection
	GlobalSection(ProjectConfigurationPlatforms) = postSolution
		{4DBE7E8D-5316-4459-A902-77C35B0B8941}.Debug|Any CPU.ActiveCfg = Debug|Any CPU
		{4DBE7E8D-5316-4459-A902-77C35B0B8941}.Debug|Any CPU.Build.0 = Debug|Any CPU
		{4DBE7E8D-5316-4459-A902-77C35B0B8941}.Release|Any CPU.ActiveCfg = Release|Any CPU
		{4DBE7E8D-5316-4459-A902-77C35B0B8941}.Release|Any CPU.Build.0 = Release|Any CPU
	EndGlobalSection
	GlobalSection(SolutionProperties) = preSolution
		HideSolutionNode = FALSE
	EndGlobalSection
	GlobalSection(ExtensibilityGlobals) = postSolution
		SolutionGuid = {87711F87-8507-4498-8D1D-F3C0DF6DE5F0}
	EndGlobalSection
EndGlobal
