
Microsoft Visual Studio Solution File, Format Version 12.00
# Visual Studio Version 16
VisualStudioVersion = 16.0.32802.440
MinimumVisualStudioVersion = 10.0.40219.1
Project("{FAE04EC0-301F-11D3-BF4B-00C04F79EFBC}") = "Demo_ADO.Net", "Demo_ADO.Net\Demo_ADO.Net.csproj", "{DB8236F7-7737-42F3-A1C4-0FEFD3EF7ACB}"
EndProject
Global
	GlobalSection(SolutionConfigurationPlatforms) = preSolution
		Debug|Any CPU = Debug|Any CPU
		Release|Any CPU = Release|Any CPU
	EndGlobalSection
	GlobalSection(ProjectConfigurationPlatforms) = postSolution
		{DB8236F7-7737-42F3-A1C4-0FEFD3EF7ACB}.Debug|Any CPU.ActiveCfg = Debug|Any CPU
		{DB8236F7-7737-42F3-A1C4-0FEFD3EF7ACB}.Debug|Any CPU.Build.0 = Debug|Any CPU
		{DB8236F7-7737-42F3-A1C4-0FEFD3EF7ACB}.Release|Any CPU.ActiveCfg = Release|Any CPU
		{DB8236F7-7737-42F3-A1C4-0FEFD3EF7ACB}.Release|Any CPU.Build.0 = Release|Any CPU
	EndGlobalSection
	GlobalSection(SolutionProperties) = preSolution
		HideSolutionNode = FALSE
	EndGlobalSection
	GlobalSection(ExtensibilityGlobals) = postSolution
		SolutionGuid = {4245AA67-20A2-4ABF-9A9A-DE699355DE01}
	EndGlobalSection
EndGlobal
