
Microsoft Visual Studio Solution File, Format Version 12.00
# Visual Studio Version 16
VisualStudioVersion = 16.0.32802.440
MinimumVisualStudioVersion = 10.0.40219.1
Project("{FAE04EC0-301F-11D3-BF4B-00C04F79EFBC}") = "ConsoleApp4", "ConsoleApp4\ConsoleApp4.csproj", "{51DD05DB-E246-4D0E-94C5-C8ABC6B7669E}"
EndProject
Global
	GlobalSection(SolutionConfigurationPlatforms) = preSolution
		Debug|Any CPU = Debug|Any CPU
		Release|Any CPU = Release|Any CPU
	EndGlobalSection
	GlobalSection(ProjectConfigurationPlatforms) = postSolution
		{51DD05DB-E246-4D0E-94C5-C8ABC6B7669E}.Debug|Any CPU.ActiveCfg = Debug|Any CPU
		{51DD05DB-E246-4D0E-94C5-C8ABC6B7669E}.Debug|Any CPU.Build.0 = Debug|Any CPU
		{51DD05DB-E246-4D0E-94C5-C8ABC6B7669E}.Release|Any CPU.ActiveCfg = Release|Any CPU
		{51DD05DB-E246-4D0E-94C5-C8ABC6B7669E}.Release|Any CPU.Build.0 = Release|Any CPU
	EndGlobalSection
	GlobalSection(SolutionProperties) = preSolution
		HideSolutionNode = FALSE
	EndGlobalSection
	GlobalSection(ExtensibilityGlobals) = postSolution
		SolutionGuid = {EB8D7C70-0E5A-4313-A69E-F43B1F219FE6}
	EndGlobalSection
EndGlobal
