
Microsoft Visual Studio Solution File, Format Version 12.00
# Visual Studio Version 16
VisualStudioVersion = 16.0.32802.440
MinimumVisualStudioVersion = 10.0.40219.1
Project("{FAE04EC0-301F-11D3-BF4B-00C04F79EFBC}") = "LINQ_To_SQL", "LINQ_To_SQL\LINQ_To_SQL.csproj", "{A93D7860-E529-4D64-B0FE-52AB8C13FD2C}"
EndProject
Global
	GlobalSection(SolutionConfigurationPlatforms) = preSolution
		Debug|Any CPU = Debug|Any CPU
		Release|Any CPU = Release|Any CPU
	EndGlobalSection
	GlobalSection(ProjectConfigurationPlatforms) = postSolution
		{A93D7860-E529-4D64-B0FE-52AB8C13FD2C}.Debug|Any CPU.ActiveCfg = Debug|Any CPU
		{A93D7860-E529-4D64-B0FE-52AB8C13FD2C}.Debug|Any CPU.Build.0 = Debug|Any CPU
		{A93D7860-E529-4D64-B0FE-52AB8C13FD2C}.Release|Any CPU.ActiveCfg = Release|Any CPU
		{A93D7860-E529-4D64-B0FE-52AB8C13FD2C}.Release|Any CPU.Build.0 = Release|Any CPU
	EndGlobalSection
	GlobalSection(SolutionProperties) = preSolution
		HideSolutionNode = FALSE
	EndGlobalSection
	GlobalSection(ExtensibilityGlobals) = postSolution
		SolutionGuid = {8E0E0414-3441-4E4E-857F-47BC4E9C05D2}
	EndGlobalSection
EndGlobal
